
Microsoft Visual Studio Solution File, Format Version 12.00
# Visual Studio Version 17
VisualStudioVersion = 17.5.33530.505
MinimumVisualStudioVersion = 10.0.40219.1
Project("{9A19103F-16F7-4668-BE54-9A1E7A4F7556}") = "MarysCandyShop", "MarysCandyShop\MarysCandyShop.csproj", "{165117E5-8669-45DA-96D9-325859BA330E}"
EndProject
Project("{FAE04EC0-301F-11D3-BF4B-00C04F79EFBC}") = "MaryCandyShop.UnitTests", "MaryCandyShop.UnitTests\MaryCandyShop.UnitTests.csproj", "{DDC7F2E2-D34D-4CBC-AF3E-15BD91978E5D}"
EndProject
Global
	GlobalSection(SolutionConfigurationPlatforms) = preSolution
		Debug|Any CPU = Debug|Any CPU
		Release|Any CPU = Release|Any CPU
	EndGlobalSection
	GlobalSection(ProjectConfigurationPlatforms) = postSolution
		{165117E5-8669-45DA-96D9-325859BA330E}.Debug|Any CPU.ActiveCfg = Debug|Any CPU
		{165117E5-8669-45DA-96D9-325859BA330E}.Debug|Any CPU.Build.0 = Debug|Any CPU
		{165117E5-8669-45DA-96D9-325859BA330E}.Release|Any CPU.ActiveCfg = Release|Any CPU
		{165117E5-8669-45DA-96D9-325859BA330E}.Release|Any CPU.Build.0 = Release|Any CPU
		{DDC7F2E2-D34D-4CBC-AF3E-15BD91978E5D}.Debug|Any CPU.ActiveCfg = Debug|Any CPU
		{DDC7F2E2-D34D-4CBC-AF3E-15BD91978E5D}.Debug|Any CPU.Build.0 = Debug|Any CPU
		{DDC7F2E2-D34D-4CBC-AF3E-15BD91978E5D}.Release|Any CPU.ActiveCfg = Release|Any CPU
		{DDC7F2E2-D34D-4CBC-AF3E-15BD91978E5D}.Release|Any CPU.Build.0 = Release|Any CPU
	EndGlobalSection
	GlobalSection(SolutionProperties) = preSolution
		HideSolutionNode = FALSE
	EndGlobalSection
	GlobalSection(ExtensibilityGlobals) = postSolution
		SolutionGuid = {51BB3C02-D543-4004-9AC8-4506D97A8781}
	EndGlobalSection
EndGlobal
